
Microsoft Visual Studio Solution File, Format Version 12.00
# Visual Studio Version 17
VisualStudioVersion = 17.5.33516.290
MinimumVisualStudioVersion = 10.0.40219.1
Project("{FAE04EC0-301F-11D3-BF4B-00C04F79EFBC}") = "sharp-calcolatrice", "sharp-calcolatrice\sharp-calcolatrice.csproj", "{C928E1BD-846E-49F1-99BC-AD1A79B497EE}"
EndProject
Global
	GlobalSection(SolutionConfigurationPlatforms) = preSolution
		Debug|Any CPU = Debug|Any CPU
		Release|Any CPU = Release|Any CPU
	EndGlobalSection
	GlobalSection(ProjectConfigurationPlatforms) = postSolution
		{C928E1BD-846E-49F1-99BC-AD1A79B497EE}.Debug|Any CPU.ActiveCfg = Debug|Any CPU
		{C928E1BD-846E-49F1-99BC-AD1A79B497EE}.Debug|Any CPU.Build.0 = Debug|Any CPU
		{C928E1BD-846E-49F1-99BC-AD1A79B497EE}.Release|Any CPU.ActiveCfg = Release|Any CPU
		{C928E1BD-846E-49F1-99BC-AD1A79B497EE}.Release|Any CPU.Build.0 = Release|Any CPU
	EndGlobalSection
	GlobalSection(SolutionProperties) = preSolution
		HideSolutionNode = FALSE
	EndGlobalSection
	GlobalSection(ExtensibilityGlobals) = postSolution
		SolutionGuid = {757A571B-3584-49F2-AD83-595D161ADA1A}
	EndGlobalSection
EndGlobal
